
Microsoft Visual Studio Solution File, Format Version 12.00
# Visual Studio Version 17
VisualStudioVersion = 17.4.33205.214
MinimumVisualStudioVersion = 10.0.40219.1
Project("{FAE04EC0-301F-11D3-BF4B-00C04F79EFBC}") = "WebApp", "WebApp\WebApp.csproj", "{5E1564C1-F982-45DA-815F-0E401A7E0FD7}"
EndProject
Global
	GlobalSection(SolutionConfigurationPlatforms) = preSolution
		Debug|Any CPU = Debug|Any CPU
		Release|Any CPU = Release|Any CPU
	EndGlobalSection
	GlobalSection(ProjectConfigurationPlatforms) = postSolution
		{5E1564C1-F982-45DA-815F-0E401A7E0FD7}.Debug|Any CPU.ActiveCfg = Debug|Any CPU
		{5E1564C1-F982-45DA-815F-0E401A7E0FD7}.Debug|Any CPU.Build.0 = Debug|Any CPU
		{5E1564C1-F982-45DA-815F-0E401A7E0FD7}.Release|Any CPU.ActiveCfg = Release|Any CPU
		{5E1564C1-F982-45DA-815F-0E401A7E0FD7}.Release|Any CPU.Build.0 = Release|Any CPU
	EndGlobalSection
	GlobalSection(SolutionProperties) = preSolution
		HideSolutionNode = FALSE
	EndGlobalSection
	GlobalSection(ExtensibilityGlobals) = postSolution
		SolutionGuid = {EC6E75DA-6F04-4FBC-8D25-5265D64640EB}
	EndGlobalSection
EndGlobal
